
Microsoft Visual Studio Solution File, Format Version 12.00
# Visual Studio Version 17
VisualStudioVersion = 17.13.35931.197 d17.13
MinimumVisualStudioVersion = 10.0.40219.1
Project("{FAE04EC0-301F-11D3-BF4B-00C04F79EFBC}") = "Day06-vumaichi", "Day06-vumaichi.csproj", "{149E3D4A-3CEF-4FAA-89D5-92217BDFB6C1}"
EndProject
Global
	GlobalSection(SolutionConfigurationPlatforms) = preSolution
		Debug|Any CPU = Debug|Any CPU
		Release|Any CPU = Release|Any CPU
	EndGlobalSection
	GlobalSection(ProjectConfigurationPlatforms) = postSolution
		{149E3D4A-3CEF-4FAA-89D5-92217BDFB6C1}.Debug|Any CPU.ActiveCfg = Debug|Any CPU
		{149E3D4A-3CEF-4FAA-89D5-92217BDFB6C1}.Debug|Any CPU.Build.0 = Debug|Any CPU
		{149E3D4A-3CEF-4FAA-89D5-92217BDFB6C1}.Release|Any CPU.ActiveCfg = Release|Any CPU
		{149E3D4A-3CEF-4FAA-89D5-92217BDFB6C1}.Release|Any CPU.Build.0 = Release|Any CPU
	EndGlobalSection
	GlobalSection(SolutionProperties) = preSolution
		HideSolutionNode = FALSE
	EndGlobalSection
	GlobalSection(ExtensibilityGlobals) = postSolution
		SolutionGuid = {8EAF5551-2A48-4426-810C-3F94F14636E4}
	EndGlobalSection
EndGlobal
